// !$*UTF8*$!
{
	archiveVersion = 1;
	classes = {
	};
	objectVersion = 45;
	objects = {

/* Begin PBXBuildFile section */
		1D3623260D0F684500981E51 /* AppDelegate.m in Sources */ = {isa = PBXBuildFile; fileRef = 1D3623250D0F684500981E51 /* AppDelegate.m */; };
		1D60589B0D05DD56006BFB54 /* main.m in Sources */ = {isa = PBXBuildFile; fileRef = 29B97316FDCFA39411CA2CEA /* main.m */; };
		1D60589F0D05DD5A006BFB54 /* Foundation.framework in Frameworks */ = {isa = PBXBuildFile; fileRef = 1D30AB110D05D00D00671497 /* Foundation.framework */; };
		1DF5F4E00D08C38300B7A737 /* UIKit.framework in Frameworks */ = {isa = PBXBuildFile; fileRef = 1DF5F4DF0D08C38300B7A737 /* UIKit.framework */; };
		288765FD0DF74451002DB57D /* CoreGraphics.framework in Frameworks */ = {isa = PBXBuildFile; fileRef = 288765FC0DF74451002DB57D /* CoreGraphics.framework */; };
		28AD733F0D9D9553002E5188 /* MainWindow.xib in Resources */ = {isa = PBXBuildFile; fileRef = 28AD733E0D9D9553002E5188 /* MainWindow.xib */; };
		531976490FC82E7F00657A15 /* TableAsyncDataSource.m in Sources */ = {isa = PBXBuildFile; fileRef = 531976430FC82E7F00657A15 /* TableAsyncDataSource.m */; };
		5319765C0FC82F7900657A15 /* NSObject+SBJSON.m in Sources */ = {isa = PBXBuildFile; fileRef = 531976510FC82F7900657A15 /* NSObject+SBJSON.m */; };
		5319765D0FC82F7900657A15 /* NSString+SBJSON.m in Sources */ = {isa = PBXBuildFile; fileRef = 531976530FC82F7900657A15 /* NSString+SBJSON.m */; };
		5319765E0FC82F7900657A15 /* SBJSON.m in Sources */ = {isa = PBXBuildFile; fileRef = 531976550FC82F7900657A15 /* SBJSON.m */; };
		5319765F0FC82F7900657A15 /* SBJsonBase.m in Sources */ = {isa = PBXBuildFile; fileRef = 531976570FC82F7900657A15 /* SBJsonBase.m */; };
		531976600FC82F7900657A15 /* SBJsonParser.m in Sources */ = {isa = PBXBuildFile; fileRef = 531976590FC82F7900657A15 /* SBJsonParser.m */; };
		531976610FC82F7900657A15 /* SBJsonWriter.m in Sources */ = {isa = PBXBuildFile; fileRef = 5319765B0FC82F7900657A15 /* SBJsonWriter.m */; };
		531976910FC8301B00657A15 /* Three20.bundle in Resources */ = {isa = PBXBuildFile; fileRef = 531976900FC8301B00657A15 /* Three20.bundle */; };
		531976A70FC8302F00657A15 /* libThree20.a in Frameworks */ = {isa = PBXBuildFile; fileRef = 531976A60FC8302500657A15 /* libThree20.a */; };
		531976AB0FC8303E00657A15 /* QuartzCore.framework in Frameworks */ = {isa = PBXBuildFile; fileRef = 531976AA0FC8303E00657A15 /* QuartzCore.framework */; };
		539C36E30FD6A99D00117201 /* GTMNSString+URLArguments.m in Sources */ = {isa = PBXBuildFile; fileRef = 539C36E00FD6A99D00117201 /* GTMNSString+URLArguments.m */; };
		539C36E40FD6A99D00117201 /* GTMNSDictionary+URLArguments.m in Sources */ = {isa = PBXBuildFile; fileRef = 539C36E20FD6A99D00117201 /* GTMNSDictionary+URLArguments.m */; };
		53F0E6460FD716AA00523DB2 /* TableItemsResponse.m in Sources */ = {isa = PBXBuildFile; fileRef = 53F0E6450FD716AA00523DB2 /* TableItemsResponse.m */; };
		53F0E6760FD717F200523DB2 /* YahooJSONResponse.m in Sources */ = {isa = PBXBuildFile; fileRef = 53F0E6710FD717F200523DB2 /* YahooJSONResponse.m */; };
		53F0E6770FD717F200523DB2 /* YahooViewController.m in Sources */ = {isa = PBXBuildFile; fileRef = 53F0E6730FD717F200523DB2 /* YahooViewController.m */; };
		53F0E6780FD717F200523DB2 /* YahooXMLResponse.m in Sources */ = {isa = PBXBuildFile; fileRef = 53F0E6750FD717F200523DB2 /* YahooXMLResponse.m */; };
/* End PBXBuildFile section */

/* Begin PBXContainerItemProxy section */
		531976A50FC8302500657A15 /* PBXContainerItemProxy */ = {
			isa = PBXContainerItemProxy;
			containerPortal = 531976A10FC8302500657A15 /* Three20.xcodeproj */;
			proxyType = 2;
			remoteGlobalIDString = BEF31F3A0F352DF5000DE5D2;
			remoteInfo = Three20;
		};
		531976A80FC8303900657A15 /* PBXContainerItemProxy */ = {
			isa = PBXContainerItemProxy;
			containerPortal = 531976A10FC8302500657A15 /* Three20.xcodeproj */;
			proxyType = 1;
			remoteGlobalIDString = BEF31F390F352DF5000DE5D2;
			remoteInfo = Three20;
		};
/* End PBXContainerItemProxy section */

/* Begin PBXFileReference section */
		1D30AB110D05D00D00671497 /* Foundation.framework */ = {isa = PBXFileReference; lastKnownFileType = wrapper.framework; name = Foundation.framework; path = System/Library/Frameworks/Foundation.framework; sourceTree = SDKROOT; };
		1D3623240D0F684500981E51 /* AppDelegate.h */ = {isa = PBXFileReference; fileEncoding = 4; lastKnownFileType = sourcecode.c.h; path = AppDelegate.h; sourceTree = "<group>"; };
		1D3623250D0F684500981E51 /* AppDelegate.m */ = {isa = PBXFileReference; fileEncoding = 4; lastKnownFileType = sourcecode.c.objc; path = AppDelegate.m; sourceTree = "<group>"; };
		1D6058910D05DD3D006BFB54 /* Three20TableAsync.app */ = {isa = PBXFileReference; explicitFileType = wrapper.application; includeInIndex = 0; path = Three20TableAsync.app; sourceTree = BUILT_PRODUCTS_DIR; };
		1DF5F4DF0D08C38300B7A737 /* UIKit.framework */ = {isa = PBXFileReference; lastKnownFileType = wrapper.framework; name = UIKit.framework; path = System/Library/Frameworks/UIKit.framework; sourceTree = SDKROOT; };
		288765FC0DF74451002DB57D /* CoreGraphics.framework */ = {isa = PBXFileReference; lastKnownFileType = wrapper.framework; name = CoreGraphics.framework; path = System/Library/Frameworks/CoreGraphics.framework; sourceTree = SDKROOT; };
		28AD733E0D9D9553002E5188 /* MainWindow.xib */ = {isa = PBXFileReference; lastKnownFileType = file.xib; path = MainWindow.xib; sourceTree = "<group>"; };
		29B97316FDCFA39411CA2CEA /* main.m */ = {isa = PBXFileReference; fileEncoding = 4; lastKnownFileType = sourcecode.c.objc; path = main.m; sourceTree = "<group>"; };
		32CA4F630368D1EE00C91783 /* Three20TableAsync_Prefix.pch */ = {isa = PBXFileReference; fileEncoding = 4; lastKnownFileType = sourcecode.c.h; path = Three20TableAsync_Prefix.pch; sourceTree = "<group>"; };
		531976420FC82E7F00657A15 /* TableAsyncDataSource.h */ = {isa = PBXFileReference; fileEncoding = 4; lastKnownFileType = sourcecode.c.h; path = TableAsyncDataSource.h; sourceTree = "<group>"; };
		531976430FC82E7F00657A15 /* TableAsyncDataSource.m */ = {isa = PBXFileReference; fileEncoding = 4; lastKnownFileType = sourcecode.c.objc; path = TableAsyncDataSource.m; sourceTree = "<group>"; };
		5319764F0FC82F7900657A15 /* JSON.h */ = {isa = PBXFileReference; fileEncoding = 4; lastKnownFileType = sourcecode.c.h; path = JSON.h; sourceTree = "<group>"; };
		531976500FC82F7900657A15 /* NSObject+SBJSON.h */ = {isa = PBXFileReference; fileEncoding = 4; lastKnownFileType = sourcecode.c.h; path = "NSObject+SBJSON.h"; sourceTree = "<group>"; };
		531976510FC82F7900657A15 /* NSObject+SBJSON.m */ = {isa = PBXFileReference; fileEncoding = 4; lastKnownFileType = sourcecode.c.objc; path = "NSObject+SBJSON.m"; sourceTree = "<group>"; };
		531976520FC82F7900657A15 /* NSString+SBJSON.h */ = {isa = PBXFileReference; fileEncoding = 4; lastKnownFileType = sourcecode.c.h; path = "NSString+SBJSON.h"; sourceTree = "<group>"; };
		531976530FC82F7900657A15 /* NSString+SBJSON.m */ = {isa = PBXFileReference; fileEncoding = 4; lastKnownFileType = sourcecode.c.objc; path = "NSString+SBJSON.m"; sourceTree = "<group>"; };
		531976540FC82F7900657A15 /* SBJSON.h */ = {isa = PBXFileReference; fileEncoding = 4; lastKnownFileType = sourcecode.c.h; path = SBJSON.h; sourceTree = "<group>"; };
		531976550FC82F7900657A15 /* SBJSON.m */ = {isa = PBXFileReference; fileEncoding = 4; lastKnownFileType = sourcecode.c.objc; path = SBJSON.m; sourceTree = "<group>"; };
		531976560FC82F7900657A15 /* SBJsonBase.h */ = {isa = PBXFileReference; fileEncoding = 4; lastKnownFileType = sourcecode.c.h; path = SBJsonBase.h; sourceTree = "<group>"; };
		531976570FC82F7900657A15 /* SBJsonBase.m */ = {isa = PBXFileReference; fileEncoding = 4; lastKnownFileType = sourcecode.c.objc; path = SBJsonBase.m; sourceTree = "<group>"; };
		531976580FC82F7900657A15 /* SBJsonParser.h */ = {isa = PBXFileReference; fileEncoding = 4; lastKnownFileType = sourcecode.c.h; path = SBJsonParser.h; sourceTree = "<group>"; };
		531976590FC82F7900657A15 /* SBJsonParser.m */ = {isa = PBXFileReference; fileEncoding = 4; lastKnownFileType = sourcecode.c.objc; path = SBJsonParser.m; sourceTree = "<group>"; };
		5319765A0FC82F7900657A15 /* SBJsonWriter.h */ = {isa = PBXFileReference; fileEncoding = 4; lastKnownFileType = sourcecode.c.h; path = SBJsonWriter.h; sourceTree = "<group>"; };
		5319765B0FC82F7900657A15 /* SBJsonWriter.m */ = {isa = PBXFileReference; fileEncoding = 4; lastKnownFileType = sourcecode.c.objc; path = SBJsonWriter.m; sourceTree = "<group>"; };
		531976900FC8301B00657A15 /* Three20.bundle */ = {isa = PBXFileReference; lastKnownFileType = "wrapper.plug-in"; name = Three20.bundle; path = ../three20/src/Three20.bundle; sourceTree = SOURCE_ROOT; };
		531976A10FC8302500657A15 /* Three20.xcodeproj */ = {isa = PBXFileReference; lastKnownFileType = "wrapper.pb-project"; name = Three20.xcodeproj; path = ../three20/src/Three20.xcodeproj; sourceTree = SOURCE_ROOT; };
		531976AA0FC8303E00657A15 /* QuartzCore.framework */ = {isa = PBXFileReference; lastKnownFileType = wrapper.framework; name = QuartzCore.framework; path = System/Library/Frameworks/QuartzCore.framework; sourceTree = SDKROOT; };
		539C36DE0FD6A99D00117201 /* GTMDefines.h */ = {isa = PBXFileReference; fileEncoding = 4; lastKnownFileType = sourcecode.c.h; path = GTMDefines.h; sourceTree = "<group>"; };
		539C36DF0FD6A99D00117201 /* GTMNSString+URLArguments.h */ = {isa = PBXFileReference; fileEncoding = 4; lastKnownFileType = sourcecode.c.h; path = "GTMNSString+URLArguments.h"; sourceTree = "<group>"; };
		539C36E00FD6A99D00117201 /* GTMNSString+URLArguments.m */ = {isa = PBXFileReference; fileEncoding = 4; lastKnownFileType = sourcecode.c.objc; path = "GTMNSString+URLArguments.m"; sourceTree = "<group>"; };
		539C36E10FD6A99D00117201 /* GTMNSDictionary+URLArguments.h */ = {isa = PBXFileReference; fileEncoding = 4; lastKnownFileType = sourcecode.c.h; path = "GTMNSDictionary+URLArguments.h"; sourceTree = "<group>"; };
		539C36E20FD6A99D00117201 /* GTMNSDictionary+URLArguments.m */ = {isa = PBXFileReference; fileEncoding = 4; lastKnownFileType = sourcecode.c.objc; path = "GTMNSDictionary+URLArguments.m"; sourceTree = "<group>"; };
		53F0E6440FD716AA00523DB2 /* TableItemsResponse.h */ = {isa = PBXFileReference; fileEncoding = 4; lastKnownFileType = sourcecode.c.h; path = TableItemsResponse.h; sourceTree = "<group>"; };
		53F0E6450FD716AA00523DB2 /* TableItemsResponse.m */ = {isa = PBXFileReference; fileEncoding = 4; lastKnownFileType = sourcecode.c.objc; path = TableItemsResponse.m; sourceTree = "<group>"; };
		53F0E6700FD717F200523DB2 /* YahooJSONResponse.h */ = {isa = PBXFileReference; fileEncoding = 4; lastKnownFileType = sourcecode.c.h; path = YahooJSONResponse.h; sourceTree = "<group>"; };
		53F0E6710FD717F200523DB2 /* YahooJSONResponse.m */ = {isa = PBXFileReference; fileEncoding = 4; lastKnownFileType = sourcecode.c.objc; path = YahooJSONResponse.m; sourceTree = "<group>"; };
		53F0E6720FD717F200523DB2 /* YahooViewController.h */ = {isa = PBXFileReference; fileEncoding = 4; lastKnownFileType = sourcecode.c.h; path = YahooViewController.h; sourceTree = "<group>"; };
		53F0E6730FD717F200523DB2 /* YahooViewController.m */ = {isa = PBXFileReference; fileEncoding = 4; lastKnownFileType = sourcecode.c.objc; path = YahooViewController.m; sourceTree = "<group>"; };
		53F0E6740FD717F200523DB2 /* YahooXMLResponse.h */ = {isa = PBXFileReference; fileEncoding = 4; lastKnownFileType = sourcecode.c.h; path = YahooXMLResponse.h; sourceTree = "<group>"; };
		53F0E6750FD717F200523DB2 /* YahooXMLResponse.m */ = {isa = PBXFileReference; fileEncoding = 4; lastKnownFileType = sourcecode.c.objc; path = YahooXMLResponse.m; sourceTree = "<group>"; };
		8D1107310486CEB800E47090 /* Three20TableAsync-Info.plist */ = {isa = PBXFileReference; fileEncoding = 4; lastKnownFileType = text.plist.xml; path = "Three20TableAsync-Info.plist"; plistStructureDefinitionIdentifier = "com.apple.xcode.plist.structure-definition.iphone.info-plist"; sourceTree = "<group>"; };
/* End PBXFileReference section */

/* Begin PBXFrameworksBuildPhase section */
		1D60588F0D05DD3D006BFB54 /* Frameworks */ = {
			isa = PBXFrameworksBuildPhase;
			buildActionMask = 2147483647;
			files = (
				1D60589F0D05DD5A006BFB54 /* Foundation.framework in Frameworks */,
				1DF5F4E00D08C38300B7A737 /* UIKit.framework in Frameworks */,
				288765FD0DF74451002DB57D /* CoreGraphics.framework in Frameworks */,
				531976A70FC8302F00657A15 /* libThree20.a in Frameworks */,
				531976AB0FC8303E00657A15 /* QuartzCore.framework in Frameworks */,
			);
			runOnlyForDeploymentPostprocessing = 0;
		};
/* End PBXFrameworksBuildPhase section */

/* Begin PBXGroup section */
		080E96DDFE201D6D7F000001 /* Classes */ = {
			isa = PBXGroup;
			children = (
				5319764C0FC82EF000657A15 /* .h */,
				53F0E6730FD717F200523DB2 /* YahooViewController.m */,
				53F0E6710FD717F200523DB2 /* YahooJSONResponse.m */,
				53F0E6750FD717F200523DB2 /* YahooXMLResponse.m */,
				53F0E6450FD716AA00523DB2 /* TableItemsResponse.m */,
				531976430FC82E7F00657A15 /* TableAsyncDataSource.m */,
				1D3623250D0F684500981E51 /* AppDelegate.m */,
			);
			path = Classes;
			sourceTree = "<group>";
		};
		19C28FACFE9D520D11CA2CBB /* Products */ = {
			isa = PBXGroup;
			children = (
				1D6058910D05DD3D006BFB54 /* Three20TableAsync.app */,
			);
			name = Products;
			sourceTree = "<group>";
		};
		29B97314FDCFA39411CA2CEA /* CustomTemplate */ = {
			isa = PBXGroup;
			children = (
				080E96DDFE201D6D7F000001 /* Classes */,
				531976A10FC8302500657A15 /* Three20.xcodeproj */,
				531976900FC8301B00657A15 /* Three20.bundle */,
				5319764D0FC82F7900657A15 /* Support */,
				29B97315FDCFA39411CA2CEA /* Other Sources */,
				29B97317FDCFA39411CA2CEA /* Resources */,
				29B97323FDCFA39411CA2CEA /* Frameworks */,
				19C28FACFE9D520D11CA2CBB /* Products */,
			);
			name = CustomTemplate;
			sourceTree = "<group>";
		};
		29B97315FDCFA39411CA2CEA /* Other Sources */ = {
			isa = PBXGroup;
			children = (
				32CA4F630368D1EE00C91783 /* Three20TableAsync_Prefix.pch */,
				29B97316FDCFA39411CA2CEA /* main.m */,
			);
			name = "Other Sources";
			sourceTree = "<group>";
		};
		29B97317FDCFA39411CA2CEA /* Resources */ = {
			isa = PBXGroup;
			children = (
				28AD733E0D9D9553002E5188 /* MainWindow.xib */,
				8D1107310486CEB800E47090 /* Three20TableAsync-Info.plist */,
			);
			name = Resources;
			sourceTree = "<group>";
		};
		29B97323FDCFA39411CA2CEA /* Frameworks */ = {
			isa = PBXGroup;
			children = (
				531976AA0FC8303E00657A15 /* QuartzCore.framework */,
				1DF5F4DF0D08C38300B7A737 /* UIKit.framework */,
				1D30AB110D05D00D00671497 /* Foundation.framework */,
				288765FC0DF74451002DB57D /* CoreGraphics.framework */,
			);
			name = Frameworks;
			sourceTree = "<group>";
		};
		5319764C0FC82EF000657A15 /* .h */ = {
			isa = PBXGroup;
			children = (
				53F0E6720FD717F200523DB2 /* YahooViewController.h */,
				53F0E6700FD717F200523DB2 /* YahooJSONResponse.h */,
				53F0E6740FD717F200523DB2 /* YahooXMLResponse.h */,
				53F0E6440FD716AA00523DB2 /* TableItemsResponse.h */,
				531976420FC82E7F00657A15 /* TableAsyncDataSource.h */,
				1D3623240D0F684500981E51 /* AppDelegate.h */,
			);
			name = .h;
			sourceTree = "<group>";
		};
		5319764D0FC82F7900657A15 /* Support */ = {
			isa = PBXGroup;
			children = (
				539C36DD0FD6A99D00117201 /* Google Toolbox for Mac */,
				5319764E0FC82F7900657A15 /* JSON */,
			);
			path = Support;
			sourceTree = "<group>";
		};
		5319764E0FC82F7900657A15 /* JSON */ = {
			isa = PBXGroup;
			children = (
				5319764F0FC82F7900657A15 /* JSON.h */,
				531976500FC82F7900657A15 /* NSObject+SBJSON.h */,
				531976510FC82F7900657A15 /* NSObject+SBJSON.m */,
				531976520FC82F7900657A15 /* NSString+SBJSON.h */,
				531976530FC82F7900657A15 /* NSString+SBJSON.m */,
				531976540FC82F7900657A15 /* SBJSON.h */,
				531976550FC82F7900657A15 /* SBJSON.m */,
				531976560FC82F7900657A15 /* SBJsonBase.h */,
				531976570FC82F7900657A15 /* SBJsonBase.m */,
				531976580FC82F7900657A15 /* SBJsonParser.h */,
				531976590FC82F7900657A15 /* SBJsonParser.m */,
				5319765A0FC82F7900657A15 /* SBJsonWriter.h */,
				5319765B0FC82F7900657A15 /* SBJsonWriter.m */,
			);
			path = JSON;
			sourceTree = "<group>";
		};
		531976A20FC8302500657A15 /* Products */ = {
			isa = PBXGroup;
			children = (
				531976A60FC8302500657A15 /* libThree20.a */,
			);
			name = Products;
			sourceTree = "<group>";
		};
		539C36DD0FD6A99D00117201 /* Google Toolbox for Mac */ = {
			isa = PBXGroup;
			children = (
				539C36DE0FD6A99D00117201 /* GTMDefines.h */,
				539C36DF0FD6A99D00117201 /* GTMNSString+URLArguments.h */,
				539C36E00FD6A99D00117201 /* GTMNSString+URLArguments.m */,
				539C36E10FD6A99D00117201 /* GTMNSDictionary+URLArguments.h */,
				539C36E20FD6A99D00117201 /* GTMNSDictionary+URLArguments.m */,
			);
			name = "Google Toolbox for Mac";
			sourceTree = "<group>";
		};
/* End PBXGroup section */

/* Begin PBXNativeTarget section */
		1D6058900D05DD3D006BFB54 /* Three20TableAsync */ = {
			isa = PBXNativeTarget;
			buildConfigurationList = 1D6058960D05DD3E006BFB54 /* Build configuration list for PBXNativeTarget "Three20TableAsync" */;
			buildPhases = (
				1D60588D0D05DD3D006BFB54 /* Resources */,
				1D60588E0D05DD3D006BFB54 /* Sources */,
				1D60588F0D05DD3D006BFB54 /* Frameworks */,
			);
			buildRules = (
			);
			dependencies = (
				531976A90FC8303900657A15 /* PBXTargetDependency */,
			);
			name = Three20TableAsync;
			productName = Three20TableAsync;
			productReference = 1D6058910D05DD3D006BFB54 /* Three20TableAsync.app */;
			productType = "com.apple.product-type.application";
		};
/* End PBXNativeTarget section */

/* Begin PBXProject section */
		29B97313FDCFA39411CA2CEA /* Project object */ = {
			isa = PBXProject;
			buildConfigurationList = C01FCF4E08A954540054247B /* Build configuration list for PBXProject "Three20TableAsync" */;
			compatibilityVersion = "Xcode 3.1";
			hasScannedForEncodings = 1;
			mainGroup = 29B97314FDCFA39411CA2CEA /* CustomTemplate */;
			projectDirPath = "";
			projectReferences = (
				{
					ProductGroup = 531976A20FC8302500657A15 /* Products */;
					ProjectRef = 531976A10FC8302500657A15 /* Three20.xcodeproj */;
				},
			);
			projectRoot = "";
			targets = (
				1D6058900D05DD3D006BFB54 /* Three20TableAsync */,
			);
		};
/* End PBXProject section */

/* Begin PBXReferenceProxy section */
		531976A60FC8302500657A15 /* libThree20.a */ = {
			isa = PBXReferenceProxy;
			fileType = archive.ar;
			path = libThree20.a;
			remoteRef = 531976A50FC8302500657A15 /* PBXContainerItemProxy */;
			sourceTree = BUILT_PRODUCTS_DIR;
		};
/* End PBXReferenceProxy section */

/* Begin PBXResourcesBuildPhase section */
		1D60588D0D05DD3D006BFB54 /* Resources */ = {
			isa = PBXResourcesBuildPhase;
			buildActionMask = 2147483647;
			files = (
				28AD733F0D9D9553002E5188 /* MainWindow.xib in Resources */,
				531976910FC8301B00657A15 /* Three20.bundle in Resources */,
			);
			runOnlyForDeploymentPostprocessing = 0;
		};
/* End PBXResourcesBuildPhase section */

/* Begin PBXSourcesBuildPhase section */
		1D60588E0D05DD3D006BFB54 /* Sources */ = {
			isa = PBXSourcesBuildPhase;
			buildActionMask = 2147483647;
			files = (
				1D60589B0D05DD56006BFB54 /* main.m in Sources */,
				1D3623260D0F684500981E51 /* AppDelegate.m in Sources */,
				531976490FC82E7F00657A15 /* TableAsyncDataSource.m in Sources */,
				5319765C0FC82F7900657A15 /* NSObject+SBJSON.m in Sources */,
				5319765D0FC82F7900657A15 /* NSString+SBJSON.m in Sources */,
				5319765E0FC82F7900657A15 /* SBJSON.m in Sources */,
				5319765F0FC82F7900657A15 /* SBJsonBase.m in Sources */,
				531976600FC82F7900657A15 /* SBJsonParser.m in Sources */,
				531976610FC82F7900657A15 /* SBJsonWriter.m in Sources */,
				539C36E30FD6A99D00117201 /* GTMNSString+URLArguments.m in Sources */,
				539C36E40FD6A99D00117201 /* GTMNSDictionary+URLArguments.m in Sources */,
				53F0E6460FD716AA00523DB2 /* TableItemsResponse.m in Sources */,
				53F0E6760FD717F200523DB2 /* YahooJSONResponse.m in Sources */,
				53F0E6770FD717F200523DB2 /* YahooViewController.m in Sources */,
				53F0E6780FD717F200523DB2 /* YahooXMLResponse.m in Sources */,
			);
			runOnlyForDeploymentPostprocessing = 0;
		};
/* End PBXSourcesBuildPhase section */

/* Begin PBXTargetDependency section */
		531976A90FC8303900657A15 /* PBXTargetDependency */ = {
			isa = PBXTargetDependency;
			name = Three20;
			targetProxy = 531976A80FC8303900657A15 /* PBXContainerItemProxy */;
		};
/* End PBXTargetDependency section */

/* Begin XCBuildConfiguration section */
		1D6058940D05DD3E006BFB54 /* Debug */ = {
			isa = XCBuildConfiguration;
			buildSettings = {
				ALWAYS_SEARCH_USER_PATHS = NO;
				COPY_PHASE_STRIP = NO;
				GCC_DYNAMIC_NO_PIC = NO;
				GCC_OPTIMIZATION_LEVEL = 0;
				GCC_PRECOMPILE_PREFIX_HEADER = YES;
				GCC_PREFIX_HEADER = Three20TableAsync_Prefix.pch;
				INFOPLIST_FILE = "Three20TableAsync-Info.plist";
				PRODUCT_NAME = Three20TableAsync;
			};
			name = Debug;
		};
		1D6058950D05DD3E006BFB54 /* Release */ = {
			isa = XCBuildConfiguration;
			buildSettings = {
				ALWAYS_SEARCH_USER_PATHS = NO;
				COPY_PHASE_STRIP = YES;
				GCC_PRECOMPILE_PREFIX_HEADER = YES;
				GCC_PREFIX_HEADER = Three20TableAsync_Prefix.pch;
				INFOPLIST_FILE = "Three20TableAsync-Info.plist";
				PRODUCT_NAME = Three20TableAsync;
			};
			name = Release;
		};
		C01FCF4F08A954540054247B /* Debug */ = {
			isa = XCBuildConfiguration;
			buildSettings = {
				ARCHS = "$(ARCHS_STANDARD_32_BIT)";
				"CODE_SIGN_IDENTITY[sdk=iphoneos*]" = "iPhone Developer";
				GCC_C_LANGUAGE_STANDARD = c99;
				GCC_WARN_ABOUT_RETURN_TYPE = YES;
				GCC_WARN_UNUSED_VARIABLE = YES;
				HEADER_SEARCH_PATHS = (
					../three20/src,
					./Support,
				);
				ONLY_ACTIVE_ARCH = YES;
				OTHER_LDFLAGS = "-ObjC";
				PREBINDING = NO;
				SDKROOT = iphoneos2.2.1;
			};
			name = Debug;
		};
		C01FCF5008A954540054247B /* Release */ = {
			isa = XCBuildConfiguration;
			buildSettings = {
				ARCHS = "$(ARCHS_STANDARD_32_BIT)";
				"CODE_SIGN_IDENTITY[sdk=iphoneos*]" = "iPhone Developer";
				GCC_C_LANGUAGE_STANDARD = c99;
				GCC_WARN_ABOUT_RETURN_TYPE = YES;
				GCC_WARN_UNUSED_VARIABLE = YES;
				HEADER_SEARCH_PATHS = (
					../three20/src,
					./Support,
				);
				OTHER_LDFLAGS = "-ObjC";
				PREBINDING = NO;
				SDKROOT = iphoneos2.2.1;
			};
			name = Release;
		};
/* End XCBuildConfiguration section */

/* Begin XCConfigurationList section */
		1D6058960D05DD3E006BFB54 /* Build configuration list for PBXNativeTarget "Three20TableAsync" */ = {
			isa = XCConfigurationList;
			buildConfigurations = (
				1D6058940D05DD3E006BFB54 /* Debug */,
				1D6058950D05DD3E006BFB54 /* Release */,
			);
			defaultConfigurationIsVisible = 0;
			defaultConfigurationName = Release;
		};
		C01FCF4E08A954540054247B /* Build configuration list for PBXProject "Three20TableAsync" */ = {
			isa = XCConfigurationList;
			buildConfigurations = (
				C01FCF4F08A954540054247B /* Debug */,
				C01FCF5008A954540054247B /* Release */,
			);
			defaultConfigurationIsVisible = 0;
			defaultConfigurationName = Release;
		};
/* End XCConfigurationList section */
	};
	rootObject = 29B97313FDCFA39411CA2CEA /* Project object */;
}
